<Solution>
  <Configurations>
    <Platform Name="x64" />
    <Platform Name="ARM64" />
  </Configurations>
  <Project Path="DevDriveCore/DevDriveCore.csproj">
    <Platform Solution="*|x64" Project="x64" />
    <Platform Solution="*|ARM64" Project="ARM64" />
  </Project>
  <Project Path="DevDriveCore.Tests/DevDriveCore.Tests.csproj">
    <Platform Solution="*|x64" Project="x64" />
    <Platform Solution="*|ARM64" Project="ARM64" />
  </Project>
  <Project Path="DevDriveStorage/DevDriveStorage.csproj">
    <Platform Solution="*|x64" Project="x64" />
    <Platform Solution="*|ARM64" Project="ARM64" />
  </Project>
  <Project Path="DevDriveStorage.Tests/DevDriveStorage.Tests.csproj">
    <Platform Solution="*|x64" Project="x64" />
    <Platform Solution="*|ARM64" Project="ARM64" />
  </Project>
  <Project Path="DevDriveStoragePrototype/DevDriveStoragePrototype.csproj">
    <Platform Solution="*|x64" Project="x64" />
    <Platform Solution="*|ARM64" Project="ARM64" />
  </Project>
  <Project Path="DevDriveManager/DevDriveManager.csproj">
    <Platform Solution="*|x64" Project="x64" />
    <Platform Solution="*|ARM64" Project="ARM64" />
  </Project>
  <Project Path="DevDriveManager.FilterProbe/DevDriveManager.FilterProbe.csproj">
    <Platform Solution="*|x64" Project="x64" />
    <Platform Solution="*|ARM64" Project="ARM64" />
  </Project>
</Solution>
